
Microsoft Visual Studio Solution File, Format Version 12.00
# Visual Studio Version 17
VisualStudioVersion = 17.10.35027.167
MinimumVisualStudioVersion = 10.0.40219.1
Project("{9A19103F-16F7-4668-BE54-9A1E7A4F7556}") = "WPF_MVVM_DB_Example", "WPF_MVVM_DB_Example\WPF_MVVM_DB_Example.csproj", "{9D3233EB-28B7-4AF0-80B5-7C29E9671C1A}"
EndProject
Global
	GlobalSection(SolutionConfigurationPlatforms) = preSolution
		Debug|Any CPU = Debug|Any CPU
		Release|Any CPU = Release|Any CPU
	EndGlobalSection
	GlobalSection(ProjectConfigurationPlatforms) = postSolution
		{9D3233EB-28B7-4AF0-80B5-7C29E9671C1A}.Debug|Any CPU.ActiveCfg = Debug|Any CPU
		{9D3233EB-28B7-4AF0-80B5-7C29E9671C1A}.Debug|Any CPU.Build.0 = Debug|Any CPU
		{9D3233EB-28B7-4AF0-80B5-7C29E9671C1A}.Release|Any CPU.ActiveCfg = Release|Any CPU
		{9D3233EB-28B7-4AF0-80B5-7C29E9671C1A}.Release|Any CPU.Build.0 = Release|Any CPU
	EndGlobalSection
	GlobalSection(SolutionProperties) = preSolution
		HideSolutionNode = FALSE
	EndGlobalSection
	GlobalSection(ExtensibilityGlobals) = postSolution
		SolutionGuid = {5A57F094-01A4-4B65-964B-C913F4149EBC}
	EndGlobalSection
EndGlobal
